
Microsoft Visual Studio Solution File, Format Version 12.00
# Visual Studio 15
VisualStudioVersion = 15.0.27004.2005
MinimumVisualStudioVersion = 10.0.40219.1
Project("{FAE04EC0-301F-11D3-BF4B-00C04F79EFBC}") = "toolLibraryCompiler", "toolLibraryCompiler\toolLibraryCompiler.csproj", "{5ADAF809-6A6C-4336-A98A-B7C3B7A982D3}"
EndProject
Global
	GlobalSection(SolutionConfigurationPlatforms) = preSolution
		Debug|Any CPU = Debug|Any CPU
		Release|Any CPU = Release|Any CPU
	EndGlobalSection
	GlobalSection(ProjectConfigurationPlatforms) = postSolution
		{5ADAF809-6A6C-4336-A98A-B7C3B7A982D3}.Debug|Any CPU.ActiveCfg = Debug|Any CPU
		{5ADAF809-6A6C-4336-A98A-B7C3B7A982D3}.Debug|Any CPU.Build.0 = Debug|Any CPU
		{5ADAF809-6A6C-4336-A98A-B7C3B7A982D3}.Release|Any CPU.ActiveCfg = Release|Any CPU
		{5ADAF809-6A6C-4336-A98A-B7C3B7A982D3}.Release|Any CPU.Build.0 = Release|Any CPU
	EndGlobalSection
	GlobalSection(SolutionProperties) = preSolution
		HideSolutionNode = FALSE
	EndGlobalSection
	GlobalSection(ExtensibilityGlobals) = postSolution
		SolutionGuid = {17D67B52-5760-4AFF-BC20-1F0C8F943E54}
	EndGlobalSection
EndGlobal
